
Microsoft Visual Studio Solution File, Format Version 12.00
# Visual Studio 15
VisualStudioVersion = 15.0.27703.2042
MinimumVisualStudioVersion = 10.0.40219.1
Project("{9A19103F-16F7-4668-BE54-9A1E7A4F7556}") = "core2.0", "huilv\core2.0.csproj", "{8D50E286-2D14-4B3F-9D65-876C8EF65899}"
EndProject
Project("{FAE04EC0-301F-11D3-BF4B-00C04F79EFBC}") = "framwork", "Testhl\framwork.csproj", "{CF279181-1793-487C-ACFE-F1681BD2617C}"
EndProject
Project("{FAE04EC0-301F-11D3-BF4B-00C04F79EFBC}") = "core2.1", "core2.1\core2.1.csproj", "{E25F23AB-87AC-4B58-963B-B7D5C9453FF9}"
EndProject
Global
	GlobalSection(SolutionConfigurationPlatforms) = preSolution
		Debug|Any CPU = Debug|Any CPU
		Release|Any CPU = Release|Any CPU
	EndGlobalSection
	GlobalSection(ProjectConfigurationPlatforms) = postSolution
		{8D50E286-2D14-4B3F-9D65-876C8EF65899}.Debug|Any CPU.ActiveCfg = Debug|Any CPU
		{8D50E286-2D14-4B3F-9D65-876C8EF65899}.Debug|Any CPU.Build.0 = Debug|Any CPU
		{8D50E286-2D14-4B3F-9D65-876C8EF65899}.Release|Any CPU.ActiveCfg = Release|Any CPU
		{8D50E286-2D14-4B3F-9D65-876C8EF65899}.Release|Any CPU.Build.0 = Release|Any CPU
		{CF279181-1793-487C-ACFE-F1681BD2617C}.Debug|Any CPU.ActiveCfg = Debug|Any CPU
		{CF279181-1793-487C-ACFE-F1681BD2617C}.Debug|Any CPU.Build.0 = Debug|Any CPU
		{CF279181-1793-487C-ACFE-F1681BD2617C}.Release|Any CPU.ActiveCfg = Release|Any CPU
		{CF279181-1793-487C-ACFE-F1681BD2617C}.Release|Any CPU.Build.0 = Release|Any CPU
		{E25F23AB-87AC-4B58-963B-B7D5C9453FF9}.Debug|Any CPU.ActiveCfg = Debug|Any CPU
		{E25F23AB-87AC-4B58-963B-B7D5C9453FF9}.Debug|Any CPU.Build.0 = Debug|Any CPU
		{E25F23AB-87AC-4B58-963B-B7D5C9453FF9}.Release|Any CPU.ActiveCfg = Release|Any CPU
		{E25F23AB-87AC-4B58-963B-B7D5C9453FF9}.Release|Any CPU.Build.0 = Release|Any CPU
	EndGlobalSection
	GlobalSection(SolutionProperties) = preSolution
		HideSolutionNode = FALSE
	EndGlobalSection
	GlobalSection(ExtensibilityGlobals) = postSolution
		SolutionGuid = {93668BDC-B794-4C46-8F3B-C14B51A106E4}
	EndGlobalSection
EndGlobal
